
Microsoft Visual Studio Solution File, Format Version 12.00
# Visual Studio Version 16
VisualStudioVersion = 16.0.31424.327
MinimumVisualStudioVersion = 10.0.40219.1
Project("{FAE04EC0-301F-11D3-BF4B-00C04F79EFBC}") = "RabbitMQ.Publisher", "RabbitMQ.Publisher\RabbitMQ.Publisher.csproj", "{DE238849-EEE5-4691-A408-3ADCF61ECA99}"
EndProject
Project("{FAE04EC0-301F-11D3-BF4B-00C04F79EFBC}") = "RabbitMQ.Subscriber", "RabbitMQ.Subscriber\RabbitMQ.Subscriber.csproj", "{1E9CD92B-262C-4881-B0A9-5118D9F598EF}"
EndProject
Global
	GlobalSection(SolutionConfigurationPlatforms) = preSolution
		Debug|Any CPU = Debug|Any CPU
		Release|Any CPU = Release|Any CPU
	EndGlobalSection
	GlobalSection(ProjectConfigurationPlatforms) = postSolution
		{DE238849-EEE5-4691-A408-3ADCF61ECA99}.Debug|Any CPU.ActiveCfg = Debug|Any CPU
		{DE238849-EEE5-4691-A408-3ADCF61ECA99}.Debug|Any CPU.Build.0 = Debug|Any CPU
		{DE238849-EEE5-4691-A408-3ADCF61ECA99}.Release|Any CPU.ActiveCfg = Release|Any CPU
		{DE238849-EEE5-4691-A408-3ADCF61ECA99}.Release|Any CPU.Build.0 = Release|Any CPU
		{1E9CD92B-262C-4881-B0A9-5118D9F598EF}.Debug|Any CPU.ActiveCfg = Debug|Any CPU
		{1E9CD92B-262C-4881-B0A9-5118D9F598EF}.Debug|Any CPU.Build.0 = Debug|Any CPU
		{1E9CD92B-262C-4881-B0A9-5118D9F598EF}.Release|Any CPU.ActiveCfg = Release|Any CPU
		{1E9CD92B-262C-4881-B0A9-5118D9F598EF}.Release|Any CPU.Build.0 = Release|Any CPU
	EndGlobalSection
	GlobalSection(SolutionProperties) = preSolution
		HideSolutionNode = FALSE
	EndGlobalSection
	GlobalSection(ExtensibilityGlobals) = postSolution
		SolutionGuid = {E00F1E47-A58E-47F0-852D-EE715CAA1552}
	EndGlobalSection
EndGlobal
